
Microsoft Visual Studio Solution File, Format Version 12.00
# Visual Studio 15
VisualStudioVersion = 15.0.28307.852
MinimumVisualStudioVersion = 10.0.40219.1
Project("{FAE04EC0-301F-11D3-BF4B-00C04F79EFBC}") = "mazegame", "mazegame\mazegame.csproj", "{B08ADA9D-F8D0-413C-98E0-58AB366AE2D2}"
EndProject
Global
	GlobalSection(SolutionConfigurationPlatforms) = preSolution
		Debug|Any CPU = Debug|Any CPU
		Release|Any CPU = Release|Any CPU
	EndGlobalSection
	GlobalSection(ProjectConfigurationPlatforms) = postSolution
		{B08ADA9D-F8D0-413C-98E0-58AB366AE2D2}.Debug|Any CPU.ActiveCfg = Debug|Any CPU
		{B08ADA9D-F8D0-413C-98E0-58AB366AE2D2}.Debug|Any CPU.Build.0 = Debug|Any CPU
		{B08ADA9D-F8D0-413C-98E0-58AB366AE2D2}.Release|Any CPU.ActiveCfg = Release|Any CPU
		{B08ADA9D-F8D0-413C-98E0-58AB366AE2D2}.Release|Any CPU.Build.0 = Release|Any CPU
	EndGlobalSection
	GlobalSection(SolutionProperties) = preSolution
		HideSolutionNode = FALSE
	EndGlobalSection
	GlobalSection(ExtensibilityGlobals) = postSolution
		SolutionGuid = {C86C98F0-74FE-4762-B597-552F5AE38314}
	EndGlobalSection
EndGlobal
